
Microsoft Visual Studio Solution File, Format Version 12.00
# Visual Studio Version 17
VisualStudioVersion = 17.5.33516.290
MinimumVisualStudioVersion = 10.0.40219.1
Project("{8BC9CEB8-8B4A-11D0-8D11-00A0C91BC942}") = "31 OpenSSL的DES加密接口", "31 OpenSSL的DES加密接口\first_openssl.vcxproj", "{A1DED14F-B7A0-4A24-AED9-14C5FB2A1120}"
EndProject
Project("{8BC9CEB8-8B4A-11D0-8D11-00A0C91BC942}") = "33使用DES的CBC算法替换ECB演示", "33使用DES的CBC算法替换ECB演示\second_openssl.vcxproj", "{ADF263D0-FC1E-43E8-8EA1-81F225935D95}"
EndProject
Project("{8BC9CEB8-8B4A-11D0-8D11-00A0C91BC942}") = "34使用C++封装DES算法实现初始化和密码填充策略", "34使用C++封装DES算法实现初始化和密码填充策略\34.vcxproj", "{CE5A719A-9D75-41B0-B882-162A85FF4DB4}"
EndProject
Project("{8BC9CEB8-8B4A-11D0-8D11-00A0C91BC942}") = "35封装DES的ECB算法并实现了PKCS7数据填充协议", "35封装DES的ECB算法并实现了PKCS7数据填充协议\35.vcxproj", "{28744029-E48C-415D-9251-52CE18725940}"
EndProject
Project("{8BC9CEB8-8B4A-11D0-8D11-00A0C91BC942}") = "36封装DES_CBC加解密算法实现PKCS7填充", "36封装DES_CBC加解密算法实现PKCS7填充\36.vcxproj", "{BF6CCD43-9D92-4E67-B3D8-42A8ADC22D04}"
EndProject
Project("{8BC9CEB8-8B4A-11D0-8D11-00A0C91BC942}") = "38调用EVP接口完成算法初始化并解决no OPENSSL_Applink问题", "38调用EVP接口完成算法初始化并解决no OPENSSL_Applink问题\38.vcxproj", "{C1F04361-3D72-4328-98D5-273F4CDBE42D}"
EndProject
Project("{8BC9CEB8-8B4A-11D0-8D11-00A0C91BC942}") = "39OpenSSL_EVP接口完成3DES数据加密并测试PKCS7填充设置", "39OpenSSL_EVP接口完成3DES数据加密并测试PKCS7填充设置\39.vcxproj", "{3A60FA3A-1643-48CB-B66B-D249716E30A3}"
EndProject
Project("{8BC9CEB8-8B4A-11D0-8D11-00A0C91BC942}") = "40OpenSSL_EVP_Cipher接口完成三重DES解密", "40OpenSSL_EVP_Cipher接口完成三重DES解密\40.vcxproj", "{E2E09A79-629A-43B0-85BA-20E47F954D12}"
EndProject
Project("{8BC9CEB8-8B4A-11D0-8D11-00A0C91BC942}") = "41使用OpenSSL_EVP_Cipher接口完成文件加解密", "41使用OpenSSL_EVP_Cipher接口完成文件加解密\41.vcxproj", "{7F213D36-EE36-4774-AA36-BB77E06F83BF}"
EndProject
Project("{8BC9CEB8-8B4A-11D0-8D11-00A0C91BC942}") = "43封装C++加密类支持AES和3DES完成初始化", "43封装C++加密类支持AES和3DES完成初始化\43.vcxproj", "{DE58A1A5-4784-4672-9DA9-529C07FDC446}"
EndProject
Project("{8BC9CEB8-8B4A-11D0-8D11-00A0C91BC942}") = "44完成XSec封装加解密演示用AES加解密文件", "44完成XSec封装加解密演示用AES加解密文件\44.vcxproj", "{45F348C0-F408-465E-AEA4-C52660122D16}"
EndProject
Project("{8BC9CEB8-8B4A-11D0-8D11-00A0C91BC942}") = "45国密SM4介绍添加到XSec封装中并修正DES算法的填充处理", "45国密SM4介绍添加到XSec封装中并修正DES算法的填充处理\45.vcxproj", "{3752C2A4-C6FF-4A1A-A2B9-6A1EAA661C57}"
EndProject
Project("{8BC9CEB8-8B4A-11D0-8D11-00A0C91BC942}") = "47完成对称加密算法性能测试并将项目移植到Linux", "47完成对称加密算法性能测试并将项目移植到Linux\47.vcxproj", "{A048260F-E609-4AE0-819B-1E8308B900C8}"
EndProject
Project("{8BC9CEB8-8B4A-11D0-8D11-00A0C91BC942}") = "29通过XOR自己实现一个对称分组加密算法代码", "29 通过XOR自己实现一个对称分组加密算法\test_xor_cipher.vcxproj", "{021C6005-18DD-40C3-B48A-F093139D2C4B}"
EndProject
Global
	GlobalSection(SolutionConfigurationPlatforms) = preSolution
		Debug|x64 = Debug|x64
		Debug|x86 = Debug|x86
		Release|x64 = Release|x64
		Release|x86 = Release|x86
	EndGlobalSection
	GlobalSection(ProjectConfigurationPlatforms) = postSolution
		{A1DED14F-B7A0-4A24-AED9-14C5FB2A1120}.Debug|x64.ActiveCfg = Debug|x64
		{A1DED14F-B7A0-4A24-AED9-14C5FB2A1120}.Debug|x64.Build.0 = Debug|x64
		{A1DED14F-B7A0-4A24-AED9-14C5FB2A1120}.Debug|x86.ActiveCfg = Debug|Win32
		{A1DED14F-B7A0-4A24-AED9-14C5FB2A1120}.Debug|x86.Build.0 = Debug|Win32
		{A1DED14F-B7A0-4A24-AED9-14C5FB2A1120}.Release|x64.ActiveCfg = Release|x64
		{A1DED14F-B7A0-4A24-AED9-14C5FB2A1120}.Release|x64.Build.0 = Release|x64
		{A1DED14F-B7A0-4A24-AED9-14C5FB2A1120}.Release|x86.ActiveCfg = Release|Win32
		{A1DED14F-B7A0-4A24-AED9-14C5FB2A1120}.Release|x86.Build.0 = Release|Win32
		{ADF263D0-FC1E-43E8-8EA1-81F225935D95}.Debug|x64.ActiveCfg = Debug|x64
		{ADF263D0-FC1E-43E8-8EA1-81F225935D95}.Debug|x64.Build.0 = Debug|x64
		{ADF263D0-FC1E-43E8-8EA1-81F225935D95}.Debug|x86.ActiveCfg = Debug|Win32
		{ADF263D0-FC1E-43E8-8EA1-81F225935D95}.Debug|x86.Build.0 = Debug|Win32
		{ADF263D0-FC1E-43E8-8EA1-81F225935D95}.Release|x64.ActiveCfg = Release|x64
		{ADF263D0-FC1E-43E8-8EA1-81F225935D95}.Release|x64.Build.0 = Release|x64
		{ADF263D0-FC1E-43E8-8EA1-81F225935D95}.Release|x86.ActiveCfg = Release|Win32
		{ADF263D0-FC1E-43E8-8EA1-81F225935D95}.Release|x86.Build.0 = Release|Win32
		{CE5A719A-9D75-41B0-B882-162A85FF4DB4}.Debug|x64.ActiveCfg = Debug|x64
		{CE5A719A-9D75-41B0-B882-162A85FF4DB4}.Debug|x64.Build.0 = Debug|x64
		{CE5A719A-9D75-41B0-B882-162A85FF4DB4}.Debug|x86.ActiveCfg = Debug|Win32
		{CE5A719A-9D75-41B0-B882-162A85FF4DB4}.Debug|x86.Build.0 = Debug|Win32
		{CE5A719A-9D75-41B0-B882-162A85FF4DB4}.Release|x64.ActiveCfg = Release|x64
		{CE5A719A-9D75-41B0-B882-162A85FF4DB4}.Release|x64.Build.0 = Release|x64
		{CE5A719A-9D75-41B0-B882-162A85FF4DB4}.Release|x86.ActiveCfg = Release|Win32
		{CE5A719A-9D75-41B0-B882-162A85FF4DB4}.Release|x86.Build.0 = Release|Win32
		{28744029-E48C-415D-9251-52CE18725940}.Debug|x64.ActiveCfg = Debug|x64
		{28744029-E48C-415D-9251-52CE18725940}.Debug|x64.Build.0 = Debug|x64
		{28744029-E48C-415D-9251-52CE18725940}.Debug|x86.ActiveCfg = Debug|Win32
		{28744029-E48C-415D-9251-52CE18725940}.Debug|x86.Build.0 = Debug|Win32
		{28744029-E48C-415D-9251-52CE18725940}.Release|x64.ActiveCfg = Release|x64
		{28744029-E48C-415D-9251-52CE18725940}.Release|x64.Build.0 = Release|x64
		{28744029-E48C-415D-9251-52CE18725940}.Release|x86.ActiveCfg = Release|Win32
		{28744029-E48C-415D-9251-52CE18725940}.Release|x86.Build.0 = Release|Win32
		{BF6CCD43-9D92-4E67-B3D8-42A8ADC22D04}.Debug|x64.ActiveCfg = Debug|x64
		{BF6CCD43-9D92-4E67-B3D8-42A8ADC22D04}.Debug|x64.Build.0 = Debug|x64
		{BF6CCD43-9D92-4E67-B3D8-42A8ADC22D04}.Debug|x86.ActiveCfg = Debug|Win32
		{BF6CCD43-9D92-4E67-B3D8-42A8ADC22D04}.Debug|x86.Build.0 = Debug|Win32
		{BF6CCD43-9D92-4E67-B3D8-42A8ADC22D04}.Release|x64.ActiveCfg = Release|x64
		{BF6CCD43-9D92-4E67-B3D8-42A8ADC22D04}.Release|x64.Build.0 = Release|x64
		{BF6CCD43-9D92-4E67-B3D8-42A8ADC22D04}.Release|x86.ActiveCfg = Release|Win32
		{BF6CCD43-9D92-4E67-B3D8-42A8ADC22D04}.Release|x86.Build.0 = Release|Win32
		{C1F04361-3D72-4328-98D5-273F4CDBE42D}.Debug|x64.ActiveCfg = Debug|x64
		{C1F04361-3D72-4328-98D5-273F4CDBE42D}.Debug|x64.Build.0 = Debug|x64
		{C1F04361-3D72-4328-98D5-273F4CDBE42D}.Debug|x86.ActiveCfg = Debug|Win32
		{C1F04361-3D72-4328-98D5-273F4CDBE42D}.Debug|x86.Build.0 = Debug|Win32
		{C1F04361-3D72-4328-98D5-273F4CDBE42D}.Release|x64.ActiveCfg = Release|x64
		{C1F04361-3D72-4328-98D5-273F4CDBE42D}.Release|x64.Build.0 = Release|x64
		{C1F04361-3D72-4328-98D5-273F4CDBE42D}.Release|x86.ActiveCfg = Release|Win32
		{C1F04361-3D72-4328-98D5-273F4CDBE42D}.Release|x86.Build.0 = Release|Win32
		{3A60FA3A-1643-48CB-B66B-D249716E30A3}.Debug|x64.ActiveCfg = Debug|x64
		{3A60FA3A-1643-48CB-B66B-D249716E30A3}.Debug|x64.Build.0 = Debug|x64
		{3A60FA3A-1643-48CB-B66B-D249716E30A3}.Debug|x86.ActiveCfg = Debug|Win32
		{3A60FA3A-1643-48CB-B66B-D249716E30A3}.Debug|x86.Build.0 = Debug|Win32
		{3A60FA3A-1643-48CB-B66B-D249716E30A3}.Release|x64.ActiveCfg = Release|x64
		{3A60FA3A-1643-48CB-B66B-D249716E30A3}.Release|x64.Build.0 = Release|x64
		{3A60FA3A-1643-48CB-B66B-D249716E30A3}.Release|x86.ActiveCfg = Release|Win32
		{3A60FA3A-1643-48CB-B66B-D249716E30A3}.Release|x86.Build.0 = Release|Win32
		{E2E09A79-629A-43B0-85BA-20E47F954D12}.Debug|x64.ActiveCfg = Debug|x64
		{E2E09A79-629A-43B0-85BA-20E47F954D12}.Debug|x64.Build.0 = Debug|x64
		{E2E09A79-629A-43B0-85BA-20E47F954D12}.Debug|x86.ActiveCfg = Debug|Win32
		{E2E09A79-629A-43B0-85BA-20E47F954D12}.Debug|x86.Build.0 = Debug|Win32
		{E2E09A79-629A-43B0-85BA-20E47F954D12}.Release|x64.ActiveCfg = Release|x64
		{E2E09A79-629A-43B0-85BA-20E47F954D12}.Release|x64.Build.0 = Release|x64
		{E2E09A79-629A-43B0-85BA-20E47F954D12}.Release|x86.ActiveCfg = Release|Win32
		{E2E09A79-629A-43B0-85BA-20E47F954D12}.Release|x86.Build.0 = Release|Win32
		{7F213D36-EE36-4774-AA36-BB77E06F83BF}.Debug|x64.ActiveCfg = Debug|x64
		{7F213D36-EE36-4774-AA36-BB77E06F83BF}.Debug|x64.Build.0 = Debug|x64
		{7F213D36-EE36-4774-AA36-BB77E06F83BF}.Debug|x86.ActiveCfg = Debug|Win32
		{7F213D36-EE36-4774-AA36-BB77E06F83BF}.Debug|x86.Build.0 = Debug|Win32
		{7F213D36-EE36-4774-AA36-BB77E06F83BF}.Release|x64.ActiveCfg = Release|x64
		{7F213D36-EE36-4774-AA36-BB77E06F83BF}.Release|x64.Build.0 = Release|x64
		{7F213D36-EE36-4774-AA36-BB77E06F83BF}.Release|x86.ActiveCfg = Release|Win32
		{7F213D36-EE36-4774-AA36-BB77E06F83BF}.Release|x86.Build.0 = Release|Win32
		{DE58A1A5-4784-4672-9DA9-529C07FDC446}.Debug|x64.ActiveCfg = Debug|x64
		{DE58A1A5-4784-4672-9DA9-529C07FDC446}.Debug|x64.Build.0 = Debug|x64
		{DE58A1A5-4784-4672-9DA9-529C07FDC446}.Debug|x86.ActiveCfg = Debug|Win32
		{DE58A1A5-4784-4672-9DA9-529C07FDC446}.Debug|x86.Build.0 = Debug|Win32
		{DE58A1A5-4784-4672-9DA9-529C07FDC446}.Release|x64.ActiveCfg = Release|x64
		{DE58A1A5-4784-4672-9DA9-529C07FDC446}.Release|x64.Build.0 = Release|x64
		{DE58A1A5-4784-4672-9DA9-529C07FDC446}.Release|x86.ActiveCfg = Release|Win32
		{DE58A1A5-4784-4672-9DA9-529C07FDC446}.Release|x86.Build.0 = Release|Win32
		{45F348C0-F408-465E-AEA4-C52660122D16}.Debug|x64.ActiveCfg = Debug|x64
		{45F348C0-F408-465E-AEA4-C52660122D16}.Debug|x64.Build.0 = Debug|x64
		{45F348C0-F408-465E-AEA4-C52660122D16}.Debug|x86.ActiveCfg = Debug|Win32
		{45F348C0-F408-465E-AEA4-C52660122D16}.Debug|x86.Build.0 = Debug|Win32
		{45F348C0-F408-465E-AEA4-C52660122D16}.Release|x64.ActiveCfg = Release|x64
		{45F348C0-F408-465E-AEA4-C52660122D16}.Release|x64.Build.0 = Release|x64
		{45F348C0-F408-465E-AEA4-C52660122D16}.Release|x86.ActiveCfg = Release|Win32
		{45F348C0-F408-465E-AEA4-C52660122D16}.Release|x86.Build.0 = Release|Win32
		{3752C2A4-C6FF-4A1A-A2B9-6A1EAA661C57}.Debug|x64.ActiveCfg = Debug|x64
		{3752C2A4-C6FF-4A1A-A2B9-6A1EAA661C57}.Debug|x64.Build.0 = Debug|x64
		{3752C2A4-C6FF-4A1A-A2B9-6A1EAA661C57}.Debug|x86.ActiveCfg = Debug|Win32
		{3752C2A4-C6FF-4A1A-A2B9-6A1EAA661C57}.Debug|x86.Build.0 = Debug|Win32
		{3752C2A4-C6FF-4A1A-A2B9-6A1EAA661C57}.Release|x64.ActiveCfg = Release|x64
		{3752C2A4-C6FF-4A1A-A2B9-6A1EAA661C57}.Release|x64.Build.0 = Release|x64
		{3752C2A4-C6FF-4A1A-A2B9-6A1EAA661C57}.Release|x86.ActiveCfg = Release|Win32
		{3752C2A4-C6FF-4A1A-A2B9-6A1EAA661C57}.Release|x86.Build.0 = Release|Win32
		{A048260F-E609-4AE0-819B-1E8308B900C8}.Debug|x64.ActiveCfg = Debug|x64
		{A048260F-E609-4AE0-819B-1E8308B900C8}.Debug|x64.Build.0 = Debug|x64
		{A048260F-E609-4AE0-819B-1E8308B900C8}.Debug|x86.ActiveCfg = Debug|Win32
		{A048260F-E609-4AE0-819B-1E8308B900C8}.Debug|x86.Build.0 = Debug|Win32
		{A048260F-E609-4AE0-819B-1E8308B900C8}.Release|x64.ActiveCfg = Release|x64
		{A048260F-E609-4AE0-819B-1E8308B900C8}.Release|x64.Build.0 = Release|x64
		{A048260F-E609-4AE0-819B-1E8308B900C8}.Release|x86.ActiveCfg = Release|Win32
		{A048260F-E609-4AE0-819B-1E8308B900C8}.Release|x86.Build.0 = Release|Win32
		{021C6005-18DD-40C3-B48A-F093139D2C4B}.Debug|x64.ActiveCfg = Debug|x64
		{021C6005-18DD-40C3-B48A-F093139D2C4B}.Debug|x64.Build.0 = Debug|x64
		{021C6005-18DD-40C3-B48A-F093139D2C4B}.Debug|x86.ActiveCfg = Debug|Win32
		{021C6005-18DD-40C3-B48A-F093139D2C4B}.Debug|x86.Build.0 = Debug|Win32
		{021C6005-18DD-40C3-B48A-F093139D2C4B}.Release|x64.ActiveCfg = Release|x64
		{021C6005-18DD-40C3-B48A-F093139D2C4B}.Release|x64.Build.0 = Release|x64
		{021C6005-18DD-40C3-B48A-F093139D2C4B}.Release|x86.ActiveCfg = Release|Win32
		{021C6005-18DD-40C3-B48A-F093139D2C4B}.Release|x86.Build.0 = Release|Win32
	EndGlobalSection
	GlobalSection(SolutionProperties) = preSolution
		HideSolutionNode = FALSE
	EndGlobalSection
	GlobalSection(ExtensibilityGlobals) = postSolution
		SolutionGuid = {A06D6210-7117-4BC5-BBDB-5B7DA678F6A6}
	EndGlobalSection
EndGlobal
